
Microsoft Visual Studio Solution File, Format Version 12.00
# Visual Studio 2012
Project("{FAE04EC0-301F-11D3-BF4B-00C04F79EFBC}") = "WIN.FENGEST_NAZIONALE.INTEGRATION_ENTITIES", "WIN.FENGEST_NAZIONALE.INTEGRATION_ENTITIES\WIN.FENGEST_NAZIONALE.INTEGRATION_ENTITIES.csproj", "{FEF19374-07AC-46F6-93A3-F7FB32E2428D}"
EndProject
Project("{FAE04EC0-301F-11D3-BF4B-00C04F79EFBC}") = "WIN.FENGEST_NAZIONALE.DOMAIN", "WIN.FENGEST_NAZIONALE.DOMAIN\WIN.FENGEST_NAZIONALE.DOMAIN.csproj", "{CCD2CC47-18FD-4E95-B9CA-B81DED3D4E2F}"
EndProject
Project("{F184B08F-C81C-45F6-A57F-5ABD9991F28F}") = "WIN.FENGEST_NAZIONALE.VB.PERSISTENCE", "WIN.FENGEST_NAZIONALE.VB.PERSISTENCE\WIN.FENGEST_NAZIONALE.VB.PERSISTENCE.vbproj", "{9CF12BE4-D860-454C-9D57-FBEFAD968D66}"
EndProject
Project("{FAE04EC0-301F-11D3-BF4B-00C04F79EFBC}") = "WIN.FENGEST_NAZIONALE.HANDLERS", "WIN.FENGEST_NAZIONALE.HANDLERS\WIN.FENGEST_NAZIONALE.HANDLERS.csproj", "{A7C54B56-1A2A-4D16-95B7-0174B44748BD}"
EndProject
Project("{FAE04EC0-301F-11D3-BF4B-00C04F79EFBC}") = "WIN.FENGEST_NAZIONALE.IMPORT_EXPORT", "WIN.FENGEST_NAZIONALE.IMPORT_EXPORT\WIN.FENGEST_NAZIONALE.IMPORT_EXPORT.csproj", "{FA0DFC79-73B0-4B24-B8A4-DEF8F8B853A5}"
EndProject
Project("{FAE04EC0-301F-11D3-BF4B-00C04F79EFBC}") = "FenealgestWEBServices", "FenealgestWEBServices\FenealgestWEBServices.csproj", "{6AEF8E07-A8FC-4CF3-9DB2-4740BCC7EEB2}"
EndProject
Project("{FAE04EC0-301F-11D3-BF4B-00C04F79EFBC}") = "FenealgestWEB", "FenealgestWEB\FenealgestWEB.csproj", "{ADB9D439-5993-4C2D-88B9-99F605642987}"
EndProject
Project("{FAE04EC0-301F-11D3-BF4B-00C04F79EFBC}") = "WIN.WEBCONNECTOR", "WIN.WEBCONNECTOR\WIN.WEBCONNECTOR.csproj", "{2BF18E3D-ABAF-4A4B-BA72-07A4BD4503A0}"
EndProject
Project("{FAE04EC0-301F-11D3-BF4B-00C04F79EFBC}") = "ConsoleApplication1", "TestProcessor\ConsoleApplication1.csproj", "{3670960E-29CC-410F-A5AA-9036D17E0361}"
EndProject
Global
	GlobalSection(SolutionConfigurationPlatforms) = preSolution
		Debug|Any CPU = Debug|Any CPU
		Release|Any CPU = Release|Any CPU
	EndGlobalSection
	GlobalSection(ProjectConfigurationPlatforms) = postSolution
		{FEF19374-07AC-46F6-93A3-F7FB32E2428D}.Debug|Any CPU.ActiveCfg = Debug|Any CPU
		{FEF19374-07AC-46F6-93A3-F7FB32E2428D}.Debug|Any CPU.Build.0 = Debug|Any CPU
		{FEF19374-07AC-46F6-93A3-F7FB32E2428D}.Release|Any CPU.ActiveCfg = Release|Any CPU
		{FEF19374-07AC-46F6-93A3-F7FB32E2428D}.Release|Any CPU.Build.0 = Release|Any CPU
		{CCD2CC47-18FD-4E95-B9CA-B81DED3D4E2F}.Debug|Any CPU.ActiveCfg = Debug|Any CPU
		{CCD2CC47-18FD-4E95-B9CA-B81DED3D4E2F}.Debug|Any CPU.Build.0 = Debug|Any CPU
		{CCD2CC47-18FD-4E95-B9CA-B81DED3D4E2F}.Release|Any CPU.ActiveCfg = Release|Any CPU
		{CCD2CC47-18FD-4E95-B9CA-B81DED3D4E2F}.Release|Any CPU.Build.0 = Release|Any CPU
		{9CF12BE4-D860-454C-9D57-FBEFAD968D66}.Debug|Any CPU.ActiveCfg = Debug|Any CPU
		{9CF12BE4-D860-454C-9D57-FBEFAD968D66}.Debug|Any CPU.Build.0 = Debug|Any CPU
		{9CF12BE4-D860-454C-9D57-FBEFAD968D66}.Release|Any CPU.ActiveCfg = Release|Any CPU
		{9CF12BE4-D860-454C-9D57-FBEFAD968D66}.Release|Any CPU.Build.0 = Release|Any CPU
		{A7C54B56-1A2A-4D16-95B7-0174B44748BD}.Debug|Any CPU.ActiveCfg = Debug|Any CPU
		{A7C54B56-1A2A-4D16-95B7-0174B44748BD}.Debug|Any CPU.Build.0 = Debug|Any CPU
		{A7C54B56-1A2A-4D16-95B7-0174B44748BD}.Release|Any CPU.ActiveCfg = Release|Any CPU
		{A7C54B56-1A2A-4D16-95B7-0174B44748BD}.Release|Any CPU.Build.0 = Release|Any CPU
		{FA0DFC79-73B0-4B24-B8A4-DEF8F8B853A5}.Debug|Any CPU.ActiveCfg = Debug|Any CPU
		{FA0DFC79-73B0-4B24-B8A4-DEF8F8B853A5}.Debug|Any CPU.Build.0 = Debug|Any CPU
		{FA0DFC79-73B0-4B24-B8A4-DEF8F8B853A5}.Release|Any CPU.ActiveCfg = Release|Any CPU
		{FA0DFC79-73B0-4B24-B8A4-DEF8F8B853A5}.Release|Any CPU.Build.0 = Release|Any CPU
		{6AEF8E07-A8FC-4CF3-9DB2-4740BCC7EEB2}.Debug|Any CPU.ActiveCfg = Debug|Any CPU
		{6AEF8E07-A8FC-4CF3-9DB2-4740BCC7EEB2}.Debug|Any CPU.Build.0 = Debug|Any CPU
		{6AEF8E07-A8FC-4CF3-9DB2-4740BCC7EEB2}.Release|Any CPU.ActiveCfg = Release|Any CPU
		{6AEF8E07-A8FC-4CF3-9DB2-4740BCC7EEB2}.Release|Any CPU.Build.0 = Release|Any CPU
		{ADB9D439-5993-4C2D-88B9-99F605642987}.Debug|Any CPU.ActiveCfg = Debug|Any CPU
		{ADB9D439-5993-4C2D-88B9-99F605642987}.Debug|Any CPU.Build.0 = Debug|Any CPU
		{ADB9D439-5993-4C2D-88B9-99F605642987}.Release|Any CPU.ActiveCfg = Release|Any CPU
		{ADB9D439-5993-4C2D-88B9-99F605642987}.Release|Any CPU.Build.0 = Release|Any CPU
		{2BF18E3D-ABAF-4A4B-BA72-07A4BD4503A0}.Debug|Any CPU.ActiveCfg = Debug|Any CPU
		{2BF18E3D-ABAF-4A4B-BA72-07A4BD4503A0}.Debug|Any CPU.Build.0 = Debug|Any CPU
		{2BF18E3D-ABAF-4A4B-BA72-07A4BD4503A0}.Release|Any CPU.ActiveCfg = Release|Any CPU
		{2BF18E3D-ABAF-4A4B-BA72-07A4BD4503A0}.Release|Any CPU.Build.0 = Release|Any CPU
		{3670960E-29CC-410F-A5AA-9036D17E0361}.Debug|Any CPU.ActiveCfg = Debug|Any CPU
		{3670960E-29CC-410F-A5AA-9036D17E0361}.Debug|Any CPU.Build.0 = Debug|Any CPU
		{3670960E-29CC-410F-A5AA-9036D17E0361}.Release|Any CPU.ActiveCfg = Release|Any CPU
		{3670960E-29CC-410F-A5AA-9036D17E0361}.Release|Any CPU.Build.0 = Release|Any CPU
	EndGlobalSection
	GlobalSection(SolutionProperties) = preSolution
		HideSolutionNode = FALSE
	EndGlobalSection
EndGlobal
